{
  "name": "Geoguessr Timezone Overlay",
  "lockfileVersion": 3,
  "requires": true,
  "packages": {
    "": {
      "dependencies": {
        "tzf-wasm": "^2.0.0"
      }
    },
    "node_modules/tzf-wasm": {
      "version": "2.0.0",
      "resolved": "https://registry.npmjs.org/tzf-wasm/-/tzf-wasm-2.0.0.tgz",
      "integrity": "sha512-Sy4J1Fbxb1z4o/TOxAvpfnWNEFnhZ8I79BeJTwKbqNoz3uQ/d9m085JOT8tXTCunbymaPXpG3nVqSvAbpvfa+A==",
      "license": "MIT"
    }
  }
}
