{
  "name": "Geoguessr Timezone Overlay",
  "lockfileVersion": 3,
  "requires": true,
  "packages": {
    "": {
      "dependencies": {
        "tzf-wasm": "^1.2.4"
      }
    },
    "node_modules/tzf-wasm": {
      "version": "1.2.4",
      "resolved": "https://registry.npmjs.org/tzf-wasm/-/tzf-wasm-1.2.4.tgz",
      "integrity": "sha512-yLo/kaJt4zGftc3Po0SmnnZ60coxrqjLcIggxAc34MiOAbqBurqf12kxBE5P66TVbt3OsIJhNmnwXfgUcb90XQ==",
      "license": "MIT"
    }
  }
}
